// !$*UTF8*$!
{
	archiveVersion = 1;
	classes = {
	};
	objectVersion = 50;
	objects = {

/* Begin PBXBuildFile section */
		1897565722C3DFC200575E19 /* AppDelegate.swift in Sources */ = {isa = PBXBuildFile; fileRef = 1897565622C3DFC200575E19 /* AppDelegate.swift */; };
		1897565922C3DFC200575E19 /* ViewController.swift in Sources */ = {isa = PBXBuildFile; fileRef = 1897565822C3DFC200575E19 /* ViewController.swift */; };
		1897565C22C3DFC200575E19 /* Main.storyboard in Resources */ = {isa = PBXBuildFile; fileRef = 1897565A22C3DFC200575E19 /* Main.storyboard */; };
		1897565F22C3DFC200575E19 /* finalProject.xcdatamodeld in Sources */ = {isa = PBXBuildFile; fileRef = 1897565D22C3DFC200575E19 /* finalProject.xcdatamodeld */; };
		1897566122C3DFC300575E19 /* Assets.xcassets in Resources */ = {isa = PBXBuildFile; fileRef = 1897566022C3DFC300575E19 /* Assets.xcassets */; };
		1897566422C3DFC300575E19 /* LaunchScreen.storyboard in Resources */ = {isa = PBXBuildFile; fileRef = 1897566222C3DFC300575E19 /* LaunchScreen.storyboard */; };
		1897566F22C3DFC300575E19 /* finalProjectTests.swift in Sources */ = {isa = PBXBuildFile; fileRef = 1897566E22C3DFC300575E19 /* finalProjectTests.swift */; };
		1897567A22C3DFC300575E19 /* finalProjectUITests.swift in Sources */ = {isa = PBXBuildFile; fileRef = 1897567922C3DFC300575E19 /* finalProjectUITests.swift */; };
		18F1027022C507CA00017871 /* ILoveMeViewController.swift in Sources */ = {isa = PBXBuildFile; fileRef = 18F1026F22C507CA00017871 /* ILoveMeViewController.swift */; };
		18F1027222C538DD00017871 /* motivationViewController.swift in Sources */ = {isa = PBXBuildFile; fileRef = 18F1027122C538DD00017871 /* motivationViewController.swift */; };
		18F1027422C53E1000017871 /* EmojiViewController.swift in Sources */ = {isa = PBXBuildFile; fileRef = 18F1027322C53E1000017871 /* EmojiViewController.swift */; };
		18F1027822C546F100017871 /* SaveViewController.swift in Sources */ = {isa = PBXBuildFile; fileRef = 18F1027722C546F100017871 /* SaveViewController.swift */; };
		18F1027A22C5479F00017871 /* DailyReflectionListTableViewController.swift in Sources */ = {isa = PBXBuildFile; fileRef = 18F1027922C5479F00017871 /* DailyReflectionListTableViewController.swift */; };
/* End PBXBuildFile section */

/* Begin PBXContainerItemProxy section */
		1897566B22C3DFC300575E19 /* PBXContainerItemProxy */ = {
			isa = PBXContainerItemProxy;
			containerPortal = 1897564B22C3DFC200575E19 /* Project object */;
			proxyType = 1;
			remoteGlobalIDString = 1897565222C3DFC200575E19;
			remoteInfo = finalProject;
		};
		1897567622C3DFC300575E19 /* PBXContainerItemProxy */ = {
			isa = PBXContainerItemProxy;
			containerPortal = 1897564B22C3DFC200575E19 /* Project object */;
			proxyType = 1;
			remoteGlobalIDString = 1897565222C3DFC200575E19;
			remoteInfo = finalProject;
		};
/* End PBXContainerItemProxy section */

/* Begin PBXFileReference section */
		1897565322C3DFC200575E19 /* finalProject.app */ = {isa = PBXFileReference; explicitFileType = wrapper.application; includeInIndex = 0; path = finalProject.app; sourceTree = BUILT_PRODUCTS_DIR; };
		1897565622C3DFC200575E19 /* AppDelegate.swift */ = {isa = PBXFileReference; lastKnownFileType = sourcecode.swift; path = AppDelegate.swift; sourceTree = "<group>"; };
		1897565822C3DFC200575E19 /* ViewController.swift */ = {isa = PBXFileReference; lastKnownFileType = sourcecode.swift; path = ViewController.swift; sourceTree = "<group>"; };
		1897565B22C3DFC200575E19 /* Base */ = {isa = PBXFileReference; lastKnownFileType = file.storyboard; name = Base; path = Base.lproj/Main.storyboard; sourceTree = "<group>"; };
		1897565E22C3DFC200575E19 /* finalProject.xcdatamodel */ = {isa = PBXFileReference; lastKnownFileType = wrapper.xcdatamodel; path = finalProject.xcdatamodel; sourceTree = "<group>"; };
		1897566022C3DFC300575E19 /* Assets.xcassets */ = {isa = PBXFileReference; lastKnownFileType = folder.assetcatalog; path = Assets.xcassets; sourceTree = "<group>"; };
		1897566322C3DFC300575E19 /* Base */ = {isa = PBXFileReference; lastKnownFileType = file.storyboard; name = Base; path = Base.lproj/LaunchScreen.storyboard; sourceTree = "<group>"; };
		1897566522C3DFC300575E19 /* Info.plist */ = {isa = PBXFileReference; lastKnownFileType = text.plist.xml; path = Info.plist; sourceTree = "<group>"; };
		1897566A22C3DFC300575E19 /* finalProjectTests.xctest */ = {isa = PBXFileReference; explicitFileType = wrapper.cfbundle; includeInIndex = 0; path = finalProjectTests.xctest; sourceTree = BUILT_PRODUCTS_DIR; };
		1897566E22C3DFC300575E19 /* finalProjectTests.swift */ = {isa = PBXFileReference; lastKnownFileType = sourcecode.swift; path = finalProjectTests.swift; sourceTree = "<group>"; };
		1897567022C3DFC300575E19 /* Info.plist */ = {isa = PBXFileReference; lastKnownFileType = text.plist.xml; path = Info.plist; sourceTree = "<group>"; };
		1897567522C3DFC300575E19 /* finalProjectUITests.xctest */ = {isa = PBXFileReference; explicitFileType = wrapper.cfbundle; includeInIndex = 0; path = finalProjectUITests.xctest; sourceTree = BUILT_PRODUCTS_DIR; };
		1897567922C3DFC300575E19 /* finalProjectUITests.swift */ = {isa = PBXFileReference; lastKnownFileType = sourcecode.swift; path = finalProjectUITests.swift; sourceTree = "<group>"; };
		1897567B22C3DFC300575E19 /* Info.plist */ = {isa = PBXFileReference; lastKnownFileType = text.plist.xml; path = Info.plist; sourceTree = "<group>"; };
		18F1026F22C507CA00017871 /* ILoveMeViewController.swift */ = {isa = PBXFileReference; lastKnownFileType = sourcecode.swift; path = ILoveMeViewController.swift; sourceTree = "<group>"; };
		18F1027122C538DD00017871 /* motivationViewController.swift */ = {isa = PBXFileReference; lastKnownFileType = sourcecode.swift; path = motivationViewController.swift; sourceTree = "<group>"; };
		18F1027322C53E1000017871 /* EmojiViewController.swift */ = {isa = PBXFileReference; lastKnownFileType = sourcecode.swift; path = EmojiViewController.swift; sourceTree = "<group>"; };
		18F1027722C546F100017871 /* SaveViewController.swift */ = {isa = PBXFileReference; lastKnownFileType = sourcecode.swift; path = SaveViewController.swift; sourceTree = "<group>"; };
		18F1027922C5479F00017871 /* DailyReflectionListTableViewController.swift */ = {isa = PBXFileReference; lastKnownFileType = sourcecode.swift; path = DailyReflectionListTableViewController.swift; sourceTree = "<group>"; };
/* End PBXFileReference section */

/* Begin PBXFrameworksBuildPhase section */
		1897565022C3DFC200575E19 /* Frameworks */ = {
			isa = PBXFrameworksBuildPhase;
			buildActionMask = 2147483647;
			files = (
			);
			runOnlyForDeploymentPostprocessing = 0;
		};
		1897566722C3DFC300575E19 /* Frameworks */ = {
			isa = PBXFrameworksBuildPhase;
			buildActionMask = 2147483647;
			files = (
			);
			runOnlyForDeploymentPostprocessing = 0;
		};
		1897567222C3DFC300575E19 /* Frameworks */ = {
			isa = PBXFrameworksBuildPhase;
			buildActionMask = 2147483647;
			files = (
			);
			runOnlyForDeploymentPostprocessing = 0;
		};
/* End PBXFrameworksBuildPhase section */

/* Begin PBXGroup section */
		1897564A22C3DFC200575E19 = {
			isa = PBXGroup;
			children = (
				1897565522C3DFC200575E19 /* finalProject */,
				1897566D22C3DFC300575E19 /* finalProjectTests */,
				1897567822C3DFC300575E19 /* finalProjectUITests */,
				1897565422C3DFC200575E19 /* Products */,
			);
			sourceTree = "<group>";
		};
		1897565422C3DFC200575E19 /* Products */ = {
			isa = PBXGroup;
			children = (
				1897565322C3DFC200575E19 /* finalProject.app */,
				1897566A22C3DFC300575E19 /* finalProjectTests.xctest */,
				1897567522C3DFC300575E19 /* finalProjectUITests.xctest */,
			);
			name = Products;
			sourceTree = "<group>";
		};
		1897565522C3DFC200575E19 /* finalProject */ = {
			isa = PBXGroup;
			children = (
				18F1026F22C507CA00017871 /* ILoveMeViewController.swift */,
				1897565622C3DFC200575E19 /* AppDelegate.swift */,
				1897565822C3DFC200575E19 /* ViewController.swift */,
				18F1027322C53E1000017871 /* EmojiViewController.swift */,
				1897565A22C3DFC200575E19 /* Main.storyboard */,
				18F1027922C5479F00017871 /* DailyReflectionListTableViewController.swift */,
				18F1027722C546F100017871 /* SaveViewController.swift */,
				18F1027122C538DD00017871 /* motivationViewController.swift */,
				1897566022C3DFC300575E19 /* Assets.xcassets */,
				1897566222C3DFC300575E19 /* LaunchScreen.storyboard */,
				1897566522C3DFC300575E19 /* Info.plist */,
				1897565D22C3DFC200575E19 /* finalProject.xcdatamodeld */,
			);
			path = finalProject;
			sourceTree = "<group>";
		};
		1897566D22C3DFC300575E19 /* finalProjectTests */ = {
			isa = PBXGroup;
			children = (
				1897566E22C3DFC300575E19 /* finalProjectTests.swift */,
				1897567022C3DFC300575E19 /* Info.plist */,
			);
			path = finalProjectTests;
			sourceTree = "<group>";
		};
		1897567822C3DFC300575E19 /* finalProjectUITests */ = {
			isa = PBXGroup;
			children = (
				1897567922C3DFC300575E19 /* finalProjectUITests.swift */,
				1897567B22C3DFC300575E19 /* Info.plist */,
			);
			path = finalProjectUITests;
			sourceTree = "<group>";
		};
/* End PBXGroup section */

/* Begin PBXNativeTarget section */
		1897565222C3DFC200575E19 /* finalProject */ = {
			isa = PBXNativeTarget;
			buildConfigurationList = 1897567E22C3DFC300575E19 /* Build configuration list for PBXNativeTarget "finalProject" */;
			buildPhases = (
				1897564F22C3DFC200575E19 /* Sources */,
				1897565022C3DFC200575E19 /* Frameworks */,
				1897565122C3DFC200575E19 /* Resources */,
			);
			buildRules = (
			);
			dependencies = (
			);
			name = finalProject;
			productName = finalProject;
			productReference = 1897565322C3DFC200575E19 /* finalProject.app */;
			productType = "com.apple.product-type.application";
		};
		1897566922C3DFC300575E19 /* finalProjectTests */ = {
			isa = PBXNativeTarget;
			buildConfigurationList = 1897568122C3DFC300575E19 /* Build configuration list for PBXNativeTarget "finalProjectTests" */;
			buildPhases = (
				1897566622C3DFC300575E19 /* Sources */,
				1897566722C3DFC300575E19 /* Frameworks */,
				1897566822C3DFC300575E19 /* Resources */,
			);
			buildRules = (
			);
			dependencies = (
				1897566C22C3DFC300575E19 /* PBXTargetDependency */,
			);
			name = finalProjectTests;
			productName = finalProjectTests;
			productReference = 1897566A22C3DFC300575E19 /* finalProjectTests.xctest */;
			productType = "com.apple.product-type.bundle.unit-test";
		};
		1897567422C3DFC300575E19 /* finalProjectUITests */ = {
			isa = PBXNativeTarget;
			buildConfigurationList = 1897568422C3DFC300575E19 /* Build configuration list for PBXNativeTarget "finalProjectUITests" */;
			buildPhases = (
				1897567122C3DFC300575E19 /* Sources */,
				1897567222C3DFC300575E19 /* Frameworks */,
				1897567322C3DFC300575E19 /* Resources */,
			);
			buildRules = (
			);
			dependencies = (
				1897567722C3DFC300575E19 /* PBXTargetDependency */,
			);
			name = finalProjectUITests;
			productName = finalProjectUITests;
			productReference = 1897567522C3DFC300575E19 /* finalProjectUITests.xctest */;
			productType = "com.apple.product-type.bundle.ui-testing";
		};
/* End PBXNativeTarget section */

/* Begin PBXProject section */
		1897564B22C3DFC200575E19 /* Project object */ = {
			isa = PBXProject;
			attributes = {
				LastSwiftUpdateCheck = 1020;
				LastUpgradeCheck = 1020;
				ORGANIZATIONNAME = Apple;
				TargetAttributes = {
					1897565222C3DFC200575E19 = {
						CreatedOnToolsVersion = 10.2.1;
					};
					1897566922C3DFC300575E19 = {
						CreatedOnToolsVersion = 10.2.1;
						TestTargetID = 1897565222C3DFC200575E19;
					};
					1897567422C3DFC300575E19 = {
						CreatedOnToolsVersion = 10.2.1;
						TestTargetID = 1897565222C3DFC200575E19;
					};
				};
			};
			buildConfigurationList = 1897564E22C3DFC200575E19 /* Build configuration list for PBXProject "finalProject" */;
			compatibilityVersion = "Xcode 9.3";
			developmentRegion = en;
			hasScannedForEncodings = 0;
			knownRegions = (
				en,
				Base,
			);
			mainGroup = 1897564A22C3DFC200575E19;
			productRefGroup = 1897565422C3DFC200575E19 /* Products */;
			projectDirPath = "";
			projectRoot = "";
			targets = (
				1897565222C3DFC200575E19 /* finalProject */,
				1897566922C3DFC300575E19 /* finalProjectTests */,
				1897567422C3DFC300575E19 /* finalProjectUITests */,
			);
		};
/* End PBXProject section */

/* Begin PBXResourcesBuildPhase section */
		1897565122C3DFC200575E19 /* Resources */ = {
			isa = PBXResourcesBuildPhase;
			buildActionMask = 2147483647;
			files = (
				1897566422C3DFC300575E19 /* LaunchScreen.storyboard in Resources */,
				1897566122C3DFC300575E19 /* Assets.xcassets in Resources */,
				1897565C22C3DFC200575E19 /* Main.storyboard in Resources */,
			);
			runOnlyForDeploymentPostprocessing = 0;
		};
		1897566822C3DFC300575E19 /* Resources */ = {
			isa = PBXResourcesBuildPhase;
			buildActionMask = 2147483647;
			files = (
			);
			runOnlyForDeploymentPostprocessing = 0;
		};
		1897567322C3DFC300575E19 /* Resources */ = {
			isa = PBXResourcesBuildPhase;
			buildActionMask = 2147483647;
			files = (
			);
			runOnlyForDeploymentPostprocessing = 0;
		};
/* End PBXResourcesBuildPhase section */

/* Begin PBXSourcesBuildPhase section */
		1897564F22C3DFC200575E19 /* Sources */ = {
			isa = PBXSourcesBuildPhase;
			buildActionMask = 2147483647;
			files = (
				18F1027A22C5479F00017871 /* DailyReflectionListTableViewController.swift in Sources */,
				18F1027222C538DD00017871 /* motivationViewController.swift in Sources */,
				1897565922C3DFC200575E19 /* ViewController.swift in Sources */,
				1897565F22C3DFC200575E19 /* finalProject.xcdatamodeld in Sources */,
				18F1027422C53E1000017871 /* EmojiViewController.swift in Sources */,
				18F1027022C507CA00017871 /* ILoveMeViewController.swift in Sources */,
				1897565722C3DFC200575E19 /* AppDelegate.swift in Sources */,
				18F1027822C546F100017871 /* SaveViewController.swift in Sources */,
			);
			runOnlyForDeploymentPostprocessing = 0;
		};
		1897566622C3DFC300575E19 /* Sources */ = {
			isa = PBXSourcesBuildPhase;
			buildActionMask = 2147483647;
			files = (
				1897566F22C3DFC300575E19 /* finalProjectTests.swift in Sources */,
			);
			runOnlyForDeploymentPostprocessing = 0;
		};
		1897567122C3DFC300575E19 /* Sources */ = {
			isa = PBXSourcesBuildPhase;
			buildActionMask = 2147483647;
			files = (
				1897567A22C3DFC300575E19 /* finalProjectUITests.swift in Sources */,
			);
			runOnlyForDeploymentPostprocessing = 0;
		};
/* End PBXSourcesBuildPhase section */

/* Begin PBXTargetDependency section */
		1897566C22C3DFC300575E19 /* PBXTargetDependency */ = {
			isa = PBXTargetDependency;
			target = 1897565222C3DFC200575E19 /* finalProject */;
			targetProxy = 1897566B22C3DFC300575E19 /* PBXContainerItemProxy */;
		};
		1897567722C3DFC300575E19 /* PBXTargetDependency */ = {
			isa = PBXTargetDependency;
			target = 1897565222C3DFC200575E19 /* finalProject */;
			targetProxy = 1897567622C3DFC300575E19 /* PBXContainerItemProxy */;
		};
/* End PBXTargetDependency section */

/* Begin PBXVariantGroup section */
		1897565A22C3DFC200575E19 /* Main.storyboard */ = {
			isa = PBXVariantGroup;
			children = (
				1897565B22C3DFC200575E19 /* Base */,
			);
			name = Main.storyboard;
			sourceTree = "<group>";
		};
		1897566222C3DFC300575E19 /* LaunchScreen.storyboard */ = {
			isa = PBXVariantGroup;
			children = (
				1897566322C3DFC300575E19 /* Base */,
			);
			name = LaunchScreen.storyboard;
			sourceTree = "<group>";
		};
/* End PBXVariantGroup section */

/* Begin XCBuildConfiguration section */
		1897567C22C3DFC300575E19 /* Debug */ = {
			isa = XCBuildConfiguration;
			buildSettings = {
				ALWAYS_SEARCH_USER_PATHS = NO;
				CLANG_ANALYZER_NONNULL = YES;
				CLANG_ANALYZER_NUMBER_OBJECT_CONVERSION = YES_AGGRESSIVE;
				CLANG_CXX_LANGUAGE_STANDARD = "gnu++14";
				CLANG_CXX_LIBRARY = "libc++";
				CLANG_ENABLE_MODULES = YES;
				CLANG_ENABLE_OBJC_ARC = YES;
				CLANG_ENABLE_OBJC_WEAK = YES;
				CLANG_WARN_BLOCK_CAPTURE_AUTORELEASING = YES;
				CLANG_WARN_BOOL_CONVERSION = YES;
				CLANG_WARN_COMMA = YES;
				CLANG_WARN_CONSTANT_CONVERSION = YES;
				CLANG_WARN_DEPRECATED_OBJC_IMPLEMENTATIONS = YES;
				CLANG_WARN_DIRECT_OBJC_ISA_USAGE = YES_ERROR;
				CLANG_WARN_DOCUMENTATION_COMMENTS = YES;
				CLANG_WARN_EMPTY_BODY = YES;
				CLANG_WARN_ENUM_CONVERSION = YES;
				CLANG_WARN_INFINITE_RECURSION = YES;
				CLANG_WARN_INT_CONVERSION = YES;
				CLANG_WARN_NON_LITERAL_NULL_CONVERSION = YES;
				CLANG_WARN_OBJC_IMPLICIT_RETAIN_SELF = YES;
				CLANG_WARN_OBJC_LITERAL_CONVERSION = YES;
				CLANG_WARN_OBJC_ROOT_CLASS = YES_ERROR;
				CLANG_WARN_RANGE_LOOP_ANALYSIS = YES;
				CLANG_WARN_STRICT_PROTOTYPES = YES;
				CLANG_WARN_SUSPICIOUS_MOVE = YES;
				CLANG_WARN_UNGUARDED_AVAILABILITY = YES_AGGRESSIVE;
				CLANG_WARN_UNREACHABLE_CODE = YES;
				CLANG_WARN__DUPLICATE_METHOD_MATCH = YES;
				CODE_SIGN_IDENTITY = "iPhone Developer";
				COPY_PHASE_STRIP = NO;
				DEBUG_INFORMATION_FORMAT = dwarf;
				ENABLE_STRICT_OBJC_MSGSEND = YES;
				ENABLE_TESTABILITY = YES;
				GCC_C_LANGUAGE_STANDARD = gnu11;
				GCC_DYNAMIC_NO_PIC = NO;
				GCC_NO_COMMON_BLOCKS = YES;
				GCC_OPTIMIZATION_LEVEL = 0;
				GCC_PREPROCESSOR_DEFINITIONS = (
					"DEBUG=1",
					"$(inherited)",
				);
				GCC_WARN_64_TO_32_BIT_CONVERSION = YES;
				GCC_WARN_ABOUT_RETURN_TYPE = YES_ERROR;
				GCC_WARN_UNDECLARED_SELECTOR = YES;
				GCC_WARN_UNINITIALIZED_AUTOS = YES_AGGRESSIVE;
				GCC_WARN_UNUSED_FUNCTION = YES;
				GCC_WARN_UNUSED_VARIABLE = YES;
				IPHONEOS_DEPLOYMENT_TARGET = 12.2;
				MTL_ENABLE_DEBUG_INFO = INCLUDE_SOURCE;
				MTL_FAST_MATH = YES;
				ONLY_ACTIVE_ARCH = YES;
				SDKROOT = iphoneos;
				SWIFT_ACTIVE_COMPILATION_CONDITIONS = DEBUG;
				SWIFT_OPTIMIZATION_LEVEL = "-Onone";
			};
			name = Debug;
		};
		1897567D22C3DFC300575E19 /* Release */ = {
			isa = XCBuildConfiguration;
			buildSettings = {
				ALWAYS_SEARCH_USER_PATHS = NO;
				CLANG_ANALYZER_NONNULL = YES;
				CLANG_ANALYZER_NUMBER_OBJECT_CONVERSION = YES_AGGRESSIVE;
				CLANG_CXX_LANGUAGE_STANDARD = "gnu++14";
				CLANG_CXX_LIBRARY = "libc++";
				CLANG_ENABLE_MODULES = YES;
				CLANG_ENABLE_OBJC_ARC = YES;
				CLANG_ENABLE_OBJC_WEAK = YES;
				CLANG_WARN_BLOCK_CAPTURE_AUTORELEASING = YES;
				CLANG_WARN_BOOL_CONVERSION = YES;
				CLANG_WARN_COMMA = YES;
				CLANG_WARN_CONSTANT_CONVERSION = YES;
				CLANG_WARN_DEPRECATED_OBJC_IMPLEMENTATIONS = YES;
				CLANG_WARN_DIRECT_OBJC_ISA_USAGE = YES_ERROR;
				CLANG_WARN_DOCUMENTATION_COMMENTS = YES;
				CLANG_WARN_EMPTY_BODY = YES;
				CLANG_WARN_ENUM_CONVERSION = YES;
				CLANG_WARN_INFINITE_RECURSION = YES;
				CLANG_WARN_INT_CONVERSION = YES;
				CLANG_WARN_NON_LITERAL_NULL_CONVERSION = YES;
				CLANG_WARN_OBJC_IMPLICIT_RETAIN_SELF = YES;
				CLANG_WARN_OBJC_LITERAL_CONVERSION = YES;
				CLANG_WARN_OBJC_ROOT_CLASS = YES_ERROR;
				CLANG_WARN_RANGE_LOOP_ANALYSIS = YES;
				CLANG_WARN_STRICT_PROTOTYPES = YES;
				CLANG_WARN_SUSPICIOUS_MOVE = YES;
				CLANG_WARN_UNGUARDED_AVAILABILITY = YES_AGGRESSIVE;
				CLANG_WARN_UNREACHABLE_CODE = YES;
				CLANG_WARN__DUPLICATE_METHOD_MATCH = YES;
				CODE_SIGN_IDENTITY = "iPhone Developer";
				COPY_PHASE_STRIP = NO;
				DEBUG_INFORMATION_FORMAT = "dwarf-with-dsym";
				ENABLE_NS_ASSERTIONS = NO;
				ENABLE_STRICT_OBJC_MSGSEND = YES;
				GCC_C_LANGUAGE_STANDARD = gnu11;
				GCC_NO_COMMON_BLOCKS = YES;
				GCC_WARN_64_TO_32_BIT_CONVERSION = YES;
				GCC_WARN_ABOUT_RETURN_TYPE = YES_ERROR;
				GCC_WARN_UNDECLARED_SELECTOR = YES;
				GCC_WARN_UNINITIALIZED_AUTOS = YES_AGGRESSIVE;
				GCC_WARN_UNUSED_FUNCTION = YES;
				GCC_WARN_UNUSED_VARIABLE = YES;
				IPHONEOS_DEPLOYMENT_TARGET = 12.2;
				MTL_ENABLE_DEBUG_INFO = NO;
				MTL_FAST_MATH = YES;
				SDKROOT = iphoneos;
				SWIFT_COMPILATION_MODE = wholemodule;
				SWIFT_OPTIMIZATION_LEVEL = "-O";
				VALIDATE_PRODUCT = YES;
			};
			name = Release;
		};
		1897567F22C3DFC300575E19 /* Debug */ = {
			isa = XCBuildConfiguration;
			buildSettings = {
				ASSETCATALOG_COMPILER_APPICON_NAME = AppIcon;
				CODE_SIGN_STYLE = Automatic;
				DEVELOPMENT_TEAM = 3HBX47QPTA;
				INFOPLIST_FILE = finalProject/Info.plist;
				LD_RUNPATH_SEARCH_PATHS = (
					"$(inherited)",
					"@executable_path/Frameworks",
				);
				PRODUCT_BUNDLE_IDENTIFIER = KWK.finalProject;
				PRODUCT_NAME = "$(TARGET_NAME)";
				SWIFT_VERSION = 5.0;
				TARGETED_DEVICE_FAMILY = "1,2";
			};
			name = Debug;
		};
		1897568022C3DFC300575E19 /* Release */ = {
			isa = XCBuildConfiguration;
			buildSettings = {
				ASSETCATALOG_COMPILER_APPICON_NAME = AppIcon;
				CODE_SIGN_STYLE = Automatic;
				DEVELOPMENT_TEAM = 3HBX47QPTA;
				INFOPLIST_FILE = finalProject/Info.plist;
				LD_RUNPATH_SEARCH_PATHS = (
					"$(inherited)",
					"@executable_path/Frameworks",
				);
				PRODUCT_BUNDLE_IDENTIFIER = KWK.finalProject;
				PRODUCT_NAME = "$(TARGET_NAME)";
				SWIFT_VERSION = 5.0;
				TARGETED_DEVICE_FAMILY = "1,2";
			};
			name = Release;
		};
		1897568222C3DFC300575E19 /* Debug */ = {
			isa = XCBuildConfiguration;
			buildSettings = {
				ALWAYS_EMBED_SWIFT_STANDARD_LIBRARIES = YES;
				BUNDLE_LOADER = "$(TEST_HOST)";
				CODE_SIGN_STYLE = Automatic;
				INFOPLIST_FILE = finalProjectTests/Info.plist;
				LD_RUNPATH_SEARCH_PATHS = (
					"$(inherited)",
					"@executable_path/Frameworks",
					"@loader_path/Frameworks",
				);
				PRODUCT_BUNDLE_IDENTIFIER = KWK.finalProjectTests;
				PRODUCT_NAME = "$(TARGET_NAME)";
				SWIFT_VERSION = 5.0;
				TARGETED_DEVICE_FAMILY = "1,2";
				TEST_HOST = "$(BUILT_PRODUCTS_DIR)/finalProject.app/finalProject";
			};
			name = Debug;
		};
		1897568322C3DFC300575E19 /* Release */ = {
			isa = XCBuildConfiguration;
			buildSettings = {
				ALWAYS_EMBED_SWIFT_STANDARD_LIBRARIES = YES;
				BUNDLE_LOADER = "$(TEST_HOST)";
				CODE_SIGN_STYLE = Automatic;
				INFOPLIST_FILE = finalProjectTests/Info.plist;
				LD_RUNPATH_SEARCH_PATHS = (
					"$(inherited)",
					"@executable_path/Frameworks",
					"@loader_path/Frameworks",
				);
				PRODUCT_BUNDLE_IDENTIFIER = KWK.finalProjectTests;
				PRODUCT_NAME = "$(TARGET_NAME)";
				SWIFT_VERSION = 5.0;
				TARGETED_DEVICE_FAMILY = "1,2";
				TEST_HOST = "$(BUILT_PRODUCTS_DIR)/finalProject.app/finalProject";
			};
			name = Release;
		};
		1897568522C3DFC300575E19 /* Debug */ = {
			isa = XCBuildConfiguration;
			buildSettings = {
				ALWAYS_EMBED_SWIFT_STANDARD_LIBRARIES = YES;
				CODE_SIGN_STYLE = Automatic;
				INFOPLIST_FILE = finalProjectUITests/Info.plist;
				LD_RUNPATH_SEARCH_PATHS = (
					"$(inherited)",
					"@executable_path/Frameworks",
					"@loader_path/Frameworks",
				);
				PRODUCT_BUNDLE_IDENTIFIER = KWK.finalProjectUITests;
				PRODUCT_NAME = "$(TARGET_NAME)";
				SWIFT_VERSION = 5.0;
				TARGETED_DEVICE_FAMILY = "1,2";
				TEST_TARGET_NAME = finalProject;
			};
			name = Debug;
		};
		1897568622C3DFC300575E19 /* Release */ = {
			isa = XCBuildConfiguration;
			buildSettings = {
				ALWAYS_EMBED_SWIFT_STANDARD_LIBRARIES = YES;
				CODE_SIGN_STYLE = Automatic;
				INFOPLIST_FILE = finalProjectUITests/Info.plist;
				LD_RUNPATH_SEARCH_PATHS = (
					"$(inherited)",
					"@executable_path/Frameworks",
					"@loader_path/Frameworks",
				);
				PRODUCT_BUNDLE_IDENTIFIER = KWK.finalProjectUITests;
				PRODUCT_NAME = "$(TARGET_NAME)";
				SWIFT_VERSION = 5.0;
				TARGETED_DEVICE_FAMILY = "1,2";
				TEST_TARGET_NAME = finalProject;
			};
			name = Release;
		};
/* End XCBuildConfiguration section */

/* Begin XCConfigurationList section */
		1897564E22C3DFC200575E19 /* Build configuration list for PBXProject "finalProject" */ = {
			isa = XCConfigurationList;
			buildConfigurations = (
				1897567C22C3DFC300575E19 /* Debug */,
				1897567D22C3DFC300575E19 /* Release */,
			);
			defaultConfigurationIsVisible = 0;
			defaultConfigurationName = Release;
		};
		1897567E22C3DFC300575E19 /* Build configuration list for PBXNativeTarget "finalProject" */ = {
			isa = XCConfigurationList;
			buildConfigurations = (
				1897567F22C3DFC300575E19 /* Debug */,
				1897568022C3DFC300575E19 /* Release */,
			);
			defaultConfigurationIsVisible = 0;
			defaultConfigurationName = Release;
		};
		1897568122C3DFC300575E19 /* Build configuration list for PBXNativeTarget "finalProjectTests" */ = {
			isa = XCConfigurationList;
			buildConfigurations = (
				1897568222C3DFC300575E19 /* Debug */,
				1897568322C3DFC300575E19 /* Release */,
			);
			defaultConfigurationIsVisible = 0;
			defaultConfigurationName = Release;
		};
		1897568422C3DFC300575E19 /* Build configuration list for PBXNativeTarget "finalProjectUITests" */ = {
			isa = XCConfigurationList;
			buildConfigurations = (
				1897568522C3DFC300575E19 /* Debug */,
				1897568622C3DFC300575E19 /* Release */,
			);
			defaultConfigurationIsVisible = 0;
			defaultConfigurationName = Release;
		};
/* End XCConfigurationList section */

/* Begin XCVersionGroup section */
		1897565D22C3DFC200575E19 /* finalProject.xcdatamodeld */ = {
			isa = XCVersionGroup;
			children = (
				1897565E22C3DFC200575E19 /* finalProject.xcdatamodel */,
			);
			currentVersion = 1897565E22C3DFC200575E19 /* finalProject.xcdatamodel */;
			path = finalProject.xcdatamodeld;
			sourceTree = "<group>";
			versionGroupType = wrapper.xcdatamodel;
		};
/* End XCVersionGroup section */
	};
	rootObject = 1897564B22C3DFC200575E19 /* Project object */;
}
